
Microsoft Visual Studio Solution File, Format Version 12.00
# Visual Studio Version 17
VisualStudioVersion = 17.8.34511.84
MinimumVisualStudioVersion = 10.0.40219.1
Project("{FAE04EC0-301F-11D3-BF4B-00C04F79EFBC}") = "DockerInAzure", "DockerInAzure\DockerInAzure.csproj", "{FB082C3A-1746-4040-A9A4-DCD4997106F5}"
EndProject
Global
	GlobalSection(SolutionConfigurationPlatforms) = preSolution
		Debug|Any CPU = Debug|Any CPU
		Release|Any CPU = Release|Any CPU
	EndGlobalSection
	GlobalSection(ProjectConfigurationPlatforms) = postSolution
		{FB082C3A-1746-4040-A9A4-DCD4997106F5}.Debug|Any CPU.ActiveCfg = Debug|Any CPU
		{FB082C3A-1746-4040-A9A4-DCD4997106F5}.Debug|Any CPU.Build.0 = Debug|Any CPU
		{FB082C3A-1746-4040-A9A4-DCD4997106F5}.Release|Any CPU.ActiveCfg = Release|Any CPU
		{FB082C3A-1746-4040-A9A4-DCD4997106F5}.Release|Any CPU.Build.0 = Release|Any CPU
	EndGlobalSection
	GlobalSection(SolutionProperties) = preSolution
		HideSolutionNode = FALSE
	EndGlobalSection
	GlobalSection(ExtensibilityGlobals) = postSolution
		SolutionGuid = {8831550E-C1D4-4927-A7D9-B8201AF2D7FC}
	EndGlobalSection
EndGlobal
